
Microsoft Visual Studio Solution File, Format Version 12.00
# Visual Studio Version 17
VisualStudioVersion = 17.0.31903.59
MinimumVisualStudioVersion = 10.0.40219.1
Project("{FAE04EC0-301F-11D3-BF4B-00C04F79EFBC}") = "TradingServer", "TradingServer\TradingServer.csproj", "{2EBB5ED6-3281-4662-906D-BDD815C91CC2}"
EndProject
Project("{FAE04EC0-301F-11D3-BF4B-00C04F79EFBC}") = "Logging", "Logging\Logging.csproj", "{B113121E-FBE7-47C4-A131-64755FE274F3}"
EndProject
Project("{FAE04EC0-301F-11D3-BF4B-00C04F79EFBC}") = "Orders", "Orderbook\Orders\Orders.csproj", "{AD364392-46E8-4226-953B-603834876EB4}"
EndProject
Project("{2150E333-8FDC-42A3-9474-1A3956D46DE8}") = "Orderbook", "Orderbook", "{FB970A46-515A-4E9A-B8F5-C3CE01A70BDF}"
EndProject
Project("{FAE04EC0-301F-11D3-BF4B-00C04F79EFBC}") = "OrderbookCS", "Orderbook\OrderbookCS\OrderbookCS.csproj", "{48946076-849A-4D18-8CA9-FAE72EFDA5B3}"
EndProject
Project("{FAE04EC0-301F-11D3-BF4B-00C04F79EFBC}") = "TradingServices", "TradingServices\TradingServices.csproj", "{52206DF1-909A-4A88-B393-FCAD62130FF4}"
EndProject
Global
	GlobalSection(SolutionConfigurationPlatforms) = preSolution
		Debug|Any CPU = Debug|Any CPU
		Release|Any CPU = Release|Any CPU
	EndGlobalSection
	GlobalSection(SolutionProperties) = preSolution
		HideSolutionNode = FALSE
	EndGlobalSection
	GlobalSection(ProjectConfigurationPlatforms) = postSolution
		{2EBB5ED6-3281-4662-906D-BDD815C91CC2}.Debug|Any CPU.ActiveCfg = Debug|Any CPU
		{2EBB5ED6-3281-4662-906D-BDD815C91CC2}.Debug|Any CPU.Build.0 = Debug|Any CPU
		{2EBB5ED6-3281-4662-906D-BDD815C91CC2}.Release|Any CPU.ActiveCfg = Release|Any CPU
		{2EBB5ED6-3281-4662-906D-BDD815C91CC2}.Release|Any CPU.Build.0 = Release|Any CPU
		{B113121E-FBE7-47C4-A131-64755FE274F3}.Debug|Any CPU.ActiveCfg = Debug|Any CPU
		{B113121E-FBE7-47C4-A131-64755FE274F3}.Debug|Any CPU.Build.0 = Debug|Any CPU
		{B113121E-FBE7-47C4-A131-64755FE274F3}.Release|Any CPU.ActiveCfg = Release|Any CPU
		{B113121E-FBE7-47C4-A131-64755FE274F3}.Release|Any CPU.Build.0 = Release|Any CPU
		{ECAB0B51-9D66-4058-9CF0-FE871EEAB1CD}.Debug|Any CPU.ActiveCfg = Debug|Any CPU
		{ECAB0B51-9D66-4058-9CF0-FE871EEAB1CD}.Debug|Any CPU.Build.0 = Debug|Any CPU
		{ECAB0B51-9D66-4058-9CF0-FE871EEAB1CD}.Release|Any CPU.ActiveCfg = Release|Any CPU
		{ECAB0B51-9D66-4058-9CF0-FE871EEAB1CD}.Release|Any CPU.Build.0 = Release|Any CPU
		{C74B2165-0F91-402A-B4E4-37F9DB03D548}.Debug|Any CPU.ActiveCfg = Debug|Any CPU
		{C74B2165-0F91-402A-B4E4-37F9DB03D548}.Debug|Any CPU.Build.0 = Debug|Any CPU
		{C74B2165-0F91-402A-B4E4-37F9DB03D548}.Release|Any CPU.ActiveCfg = Release|Any CPU
		{C74B2165-0F91-402A-B4E4-37F9DB03D548}.Release|Any CPU.Build.0 = Release|Any CPU
		{69917036-8223-458C-B2FE-D0D56A67EBCF}.Debug|Any CPU.ActiveCfg = Debug|Any CPU
		{69917036-8223-458C-B2FE-D0D56A67EBCF}.Debug|Any CPU.Build.0 = Debug|Any CPU
		{69917036-8223-458C-B2FE-D0D56A67EBCF}.Release|Any CPU.ActiveCfg = Release|Any CPU
		{69917036-8223-458C-B2FE-D0D56A67EBCF}.Release|Any CPU.Build.0 = Release|Any CPU
		{E5612F78-E6F1-49B9-B40F-F6CE31AB639F}.Debug|Any CPU.ActiveCfg = Debug|Any CPU
		{E5612F78-E6F1-49B9-B40F-F6CE31AB639F}.Debug|Any CPU.Build.0 = Debug|Any CPU
		{E5612F78-E6F1-49B9-B40F-F6CE31AB639F}.Release|Any CPU.ActiveCfg = Release|Any CPU
		{E5612F78-E6F1-49B9-B40F-F6CE31AB639F}.Release|Any CPU.Build.0 = Release|Any CPU
		{AD364392-46E8-4226-953B-603834876EB4}.Debug|Any CPU.ActiveCfg = Debug|Any CPU
		{AD364392-46E8-4226-953B-603834876EB4}.Debug|Any CPU.Build.0 = Debug|Any CPU
		{AD364392-46E8-4226-953B-603834876EB4}.Release|Any CPU.ActiveCfg = Release|Any CPU
		{AD364392-46E8-4226-953B-603834876EB4}.Release|Any CPU.Build.0 = Release|Any CPU
		{48946076-849A-4D18-8CA9-FAE72EFDA5B3}.Debug|Any CPU.ActiveCfg = Debug|Any CPU
		{48946076-849A-4D18-8CA9-FAE72EFDA5B3}.Debug|Any CPU.Build.0 = Debug|Any CPU
		{48946076-849A-4D18-8CA9-FAE72EFDA5B3}.Release|Any CPU.ActiveCfg = Release|Any CPU
		{48946076-849A-4D18-8CA9-FAE72EFDA5B3}.Release|Any CPU.Build.0 = Release|Any CPU
		{FAD5B595-4A0B-4A1B-8BE2-CFABFA167B1F}.Debug|Any CPU.ActiveCfg = Debug|Any CPU
		{FAD5B595-4A0B-4A1B-8BE2-CFABFA167B1F}.Debug|Any CPU.Build.0 = Debug|Any CPU
		{FAD5B595-4A0B-4A1B-8BE2-CFABFA167B1F}.Release|Any CPU.ActiveCfg = Release|Any CPU
		{FAD5B595-4A0B-4A1B-8BE2-CFABFA167B1F}.Release|Any CPU.Build.0 = Release|Any CPU
		{52206DF1-909A-4A88-B393-FCAD62130FF4}.Debug|Any CPU.ActiveCfg = Debug|Any CPU
		{52206DF1-909A-4A88-B393-FCAD62130FF4}.Debug|Any CPU.Build.0 = Debug|Any CPU
		{52206DF1-909A-4A88-B393-FCAD62130FF4}.Release|Any CPU.ActiveCfg = Release|Any CPU
		{52206DF1-909A-4A88-B393-FCAD62130FF4}.Release|Any CPU.Build.0 = Release|Any CPU
	EndGlobalSection
	GlobalSection(NestedProjects) = preSolution
		{48946076-849A-4D18-8CA9-FAE72EFDA5B3} = {FB970A46-515A-4E9A-B8F5-C3CE01A70BDF}
	EndGlobalSection
EndGlobal
